
Microsoft Visual Studio Solution File, Format Version 12.00
# Visual Studio Version 16
VisualStudioVersion = 16.0.32002.261
MinimumVisualStudioVersion = 10.0.40219.1
Project("{FAE04EC0-301F-11D3-BF4B-00C04F79EFBC}") = "Vehicles.Entities", "Vehicles.Entities\Vehicles.Entities.csproj", "{4F72A499-AE37-4EF5-9E2E-617560029CAA}"
EndProject
Project("{FAE04EC0-301F-11D3-BF4B-00C04F79EFBC}") = "Vehicles.Business", "Vehicles.Business\Vehicles.Business.csproj", "{2E02E165-4864-43D9-8B39-19AE7D499AA6}"
EndProject
Project("{FAE04EC0-301F-11D3-BF4B-00C04F79EFBC}") = "Vehicles_Managment.Api", "Vehicles_Managment.Api\Vehicles_Managment.Api.csproj", "{903CD47E-C4B9-48D6-A059-5CBB7A884C1F}"
EndProject
Global
	GlobalSection(SolutionConfigurationPlatforms) = preSolution
		Debug|Any CPU = Debug|Any CPU
		Release|Any CPU = Release|Any CPU
	EndGlobalSection
	GlobalSection(ProjectConfigurationPlatforms) = postSolution
		{4F72A499-AE37-4EF5-9E2E-617560029CAA}.Debug|Any CPU.ActiveCfg = Debug|Any CPU
		{4F72A499-AE37-4EF5-9E2E-617560029CAA}.Debug|Any CPU.Build.0 = Debug|Any CPU
		{4F72A499-AE37-4EF5-9E2E-617560029CAA}.Release|Any CPU.ActiveCfg = Release|Any CPU
		{4F72A499-AE37-4EF5-9E2E-617560029CAA}.Release|Any CPU.Build.0 = Release|Any CPU
		{2E02E165-4864-43D9-8B39-19AE7D499AA6}.Debug|Any CPU.ActiveCfg = Debug|Any CPU
		{2E02E165-4864-43D9-8B39-19AE7D499AA6}.Debug|Any CPU.Build.0 = Debug|Any CPU
		{2E02E165-4864-43D9-8B39-19AE7D499AA6}.Release|Any CPU.ActiveCfg = Release|Any CPU
		{2E02E165-4864-43D9-8B39-19AE7D499AA6}.Release|Any CPU.Build.0 = Release|Any CPU
		{903CD47E-C4B9-48D6-A059-5CBB7A884C1F}.Debug|Any CPU.ActiveCfg = Debug|Any CPU
		{903CD47E-C4B9-48D6-A059-5CBB7A884C1F}.Debug|Any CPU.Build.0 = Debug|Any CPU
		{903CD47E-C4B9-48D6-A059-5CBB7A884C1F}.Release|Any CPU.ActiveCfg = Release|Any CPU
		{903CD47E-C4B9-48D6-A059-5CBB7A884C1F}.Release|Any CPU.Build.0 = Release|Any CPU
	EndGlobalSection
	GlobalSection(SolutionProperties) = preSolution
		HideSolutionNode = FALSE
	EndGlobalSection
	GlobalSection(ExtensibilityGlobals) = postSolution
		SolutionGuid = {68EA77FC-BEF3-4295-9461-6994AB601298}
	EndGlobalSection
EndGlobal
